<?xml version="1.0" encoding="utf-8"?>
<Project ToolsVersion="4.0" xmlns="http://schemas.microsoft.com/developer/msbuild/2003">
  <ItemGroup>
    <Filter Include="Form Files">
      <UniqueIdentifier>{99349809-55BA-4b9d-BF79-8FDBB0286EB3}</UniqueIdentifier>
      <Extensions>ui</Extensions>
    </Filter>
    <Filter Include="Resource Files">
      <UniqueIdentifier>{D9D6E242-F8AF-46E4-B9FD-80ECBC20BA3E}</UniqueIdentifier>
      <Extensions>qrc;*</Extensions>
      <ParseFiles>false</ParseFiles>
    </Filter>
    <Filter Include="Generated Files">
      <UniqueIdentifier>{71ED8ED8-ACB9-4CE9-BBE1-E00B30144E11}</UniqueIdentifier>
      <Extensions>moc;h;cpp</Extensions>
      <SourceControlFiles>False</SourceControlFiles>
    </Filter>
    <Filter Include="Generated Files\Debug">
      <UniqueIdentifier>{d3afaa6d-e386-4758-b672-c686d942da0b}</UniqueIdentifier>
      <Extensions>cpp;moc</Extensions>
      <SourceControlFiles>False</SourceControlFiles>
    </Filter>
    <Filter Include="Generated Files\Release">
      <UniqueIdentifier>{754ddd46-9a21-4cf9-a600-c05c475abec8}</UniqueIdentifier>
      <Extensions>cpp;moc</Extensions>
      <SourceControlFiles>False</SourceControlFiles>
    </Filter>
    <Filter Include="MeshViewer">
      <UniqueIdentifier>{b9690461-3e9c-4ed8-8e0b-c7cb2e912c2a}</UniqueIdentifier>
    </Filter>
    <Filter Include="GUI">
      <UniqueIdentifier>{f299ca37-dbc9-41ae-8da1-8212567fabbe}</UniqueIdentifier>
    </Filter>
    <Filter Include="ANN">
      <UniqueIdentifier>{4310ce49-8f2e-47ef-9398-f7a7433d4054}</UniqueIdentifier>
    </Filter>
    <Filter Include="CutMesh">
      <UniqueIdentifier>{4375605e-154e-4d7a-87ca-da97316ec9a6}</UniqueIdentifier>
    </Filter>
  </ItemGroup>
  <ItemGroup>
    <ClCompile Include="surfacemeshprocessing.cpp">
      <Filter>GUI</Filter>
    </ClCompile>
    <ClCompile Include="main.cpp">
      <Filter>GUI</Filter>
    </ClCompile>
    <ClCompile Include="MeshViewer\MainViewerWidget.cpp">
      <Filter>GUI</Filter>
    </ClCompile>
    <ClCompile Include="MeshViewer\MeshParamDialog.cpp">
      <Filter>GUI</Filter>
    </ClCompile>
    <ClCompile Include="MeshViewer\InteractiveViewerWidget.cpp">
      <Filter>MeshViewer</Filter>
    </ClCompile>
    <ClCompile Include="MeshViewer\MeshDefinition.cpp">
      <Filter>MeshViewer</Filter>
    </ClCompile>
    <ClCompile Include="MeshViewer\MeshViewerWidget.cpp">
      <Filter>MeshViewer</Filter>
    </ClCompile>
    <ClCompile Include="MeshViewer\QGLViewerWidget.cpp">
      <Filter>MeshViewer</Filter>
    </ClCompile>
    <ClCompile Include="Include\ANN\ANN.cpp">
      <Filter>ANN</Filter>
    </ClCompile>
    <ClCompile Include="Include\ANN\bd_fix_rad_search.cpp">
      <Filter>ANN</Filter>
    </ClCompile>
    <ClCompile Include="Include\ANN\bd_pr_search.cpp">
      <Filter>ANN</Filter>
    </ClCompile>
    <ClCompile Include="Include\ANN\bd_search.cpp">
      <Filter>ANN</Filter>
    </ClCompile>
    <ClCompile Include="Include\ANN\bd_tree.cpp">
      <Filter>ANN</Filter>
    </ClCompile>
    <ClCompile Include="Include\ANN\brute.cpp">
      <Filter>ANN</Filter>
    </ClCompile>
    <ClCompile Include="Include\ANN\kd_dump.cpp">
      <Filter>ANN</Filter>
    </ClCompile>
    <ClCompile Include="Include\ANN\kd_fix_rad_search.cpp">
      <Filter>ANN</Filter>
    </ClCompile>
    <ClCompile Include="Include\ANN\kd_pr_search.cpp">
      <Filter>ANN</Filter>
    </ClCompile>
    <ClCompile Include="Include\ANN\kd_search.cpp">
      <Filter>ANN</Filter>
    </ClCompile>
    <ClCompile Include="Include\ANN\kd_split.cpp">
      <Filter>ANN</Filter>
    </ClCompile>
    <ClCompile Include="Include\ANN\kd_tree.cpp">
      <Filter>ANN</Filter>
    </ClCompile>
    <ClCompile Include="Include\ANN\kd_util.cpp">
      <Filter>ANN</Filter>
    </ClCompile>
    <ClCompile Include="Include\ANN\perf.cpp">
      <Filter>ANN</Filter>
    </ClCompile>
    <ClCompile Include="Compute\CutMesh.cpp">
      <Filter>CutMesh</Filter>
    </ClCompile>
    <ClCompile Include="Compute\Dijkstra_Path.cpp">
      <Filter>CutMesh</Filter>
    </ClCompile>
    <ClCompile Include="Compute\SeamMesh.cpp">
      <Filter>CutMesh</Filter>
    </ClCompile>
  </ItemGroup>
  <ItemGroup>
    <QtRcc Include="surfacemeshprocessing.qrc">
      <Filter>Resource Files</Filter>
    </QtRcc>
    <QtMoc Include="surfacemeshprocessing.h">
      <Filter>GUI</Filter>
    </QtMoc>
    <QtMoc Include="MeshViewer\MainViewerWidget.h">
      <Filter>GUI</Filter>
    </QtMoc>
    <QtMoc Include="MeshViewer\MeshParamDialog.h">
      <Filter>GUI</Filter>
    </QtMoc>
    <QtMoc Include="MeshViewer\InteractiveViewerWidget.h">
      <Filter>MeshViewer</Filter>
    </QtMoc>
    <QtMoc Include="MeshViewer\MeshViewerWidget.h">
      <Filter>MeshViewer</Filter>
    </QtMoc>
    <QtMoc Include="MeshViewer\QGLViewerWidget.h">
      <Filter>MeshViewer</Filter>
    </QtMoc>
  </ItemGroup>
  <ItemGroup>
    <ClInclude Include="MeshViewer\MeshDefinition.h">
      <Filter>MeshViewer</Filter>
    </ClInclude>
    <ClInclude Include="MeshViewer\OpenglHeaders.h">
      <Filter>MeshViewer</Filter>
    </ClInclude>
    <ClInclude Include="Include\ANN\ANN.h">
      <Filter>ANN</Filter>
    </ClInclude>
    <ClInclude Include="Include\ANN\ANNperf.h">
      <Filter>ANN</Filter>
    </ClInclude>
    <ClInclude Include="Include\ANN\ANNx.h">
      <Filter>ANN</Filter>
    </ClInclude>
    <ClInclude Include="Include\ANN\bd_tree.h">
      <Filter>ANN</Filter>
    </ClInclude>
    <ClInclude Include="Include\ANN\kd_fix_rad_search.h">
      <Filter>ANN</Filter>
    </ClInclude>
    <ClInclude Include="Include\ANN\kd_pr_search.h">
      <Filter>ANN</Filter>
    </ClInclude>
    <ClInclude Include="Include\ANN\kd_search.h">
      <Filter>ANN</Filter>
    </ClInclude>
    <ClInclude Include="Include\ANN\kd_split.h">
      <Filter>ANN</Filter>
    </ClInclude>
    <ClInclude Include="Include\ANN\kd_tree.h">
      <Filter>ANN</Filter>
    </ClInclude>
    <ClInclude Include="Include\ANN\kd_util.h">
      <Filter>ANN</Filter>
    </ClInclude>
    <ClInclude Include="Include\ANN\pr_queue.h">
      <Filter>ANN</Filter>
    </ClInclude>
    <ClInclude Include="Include\ANN\pr_queue_k.h">
      <Filter>ANN</Filter>
    </ClInclude>
    <ClInclude Include="Compute\CutMesh.h">
      <Filter>CutMesh</Filter>
    </ClInclude>
    <ClInclude Include="Compute\Dijkstra_Path.h">
      <Filter>CutMesh</Filter>
    </ClInclude>
    <ClInclude Include="Compute\SeamMesh.h">
      <Filter>CutMesh</Filter>
    </ClInclude>
  </ItemGroup>
</Project>